
Microsoft Visual Studio Solution File, Format Version 12.00
# Visual Studio Version 17
VisualStudioVersion = 17.0.31903.59
MinimumVisualStudioVersion = 10.0.40219.1
Project("{FAE04EC0-301F-11D3-BF4B-00C04F79EFBC}") = "final", "final\final.csproj", "{294C3B17-EB13-4CC5-BA6A-32E02048A80B}"
EndProject
Global
	GlobalSection(SolutionConfigurationPlatforms) = preSolution
		Debug|Any CPU = Debug|Any CPU
		Release|Any CPU = Release|Any CPU
	EndGlobalSection
	GlobalSection(ProjectConfigurationPlatforms) = postSolution
		{294C3B17-EB13-4CC5-BA6A-32E02048A80B}.Debug|Any CPU.ActiveCfg = Debug|Any CPU
		{294C3B17-EB13-4CC5-BA6A-32E02048A80B}.Debug|Any CPU.Build.0 = Debug|Any CPU
		{294C3B17-EB13-4CC5-BA6A-32E02048A80B}.Release|Any CPU.ActiveCfg = Release|Any CPU
		{294C3B17-EB13-4CC5-BA6A-32E02048A80B}.Release|Any CPU.Build.0 = Release|Any CPU
	EndGlobalSection
	GlobalSection(SolutionProperties) = preSolution
		HideSolutionNode = FALSE
	EndGlobalSection
	GlobalSection(ExtensibilityGlobals) = postSolution
		SolutionGuid = {EF0ADACB-F083-4137-A67A-FBA1983F2689}
	EndGlobalSection
EndGlobal
